
Microsoft Visual Studio Solution File, Format Version 12.00
# Visual Studio Version 16
VisualStudioVersion = 16.0.29806.167
MinimumVisualStudioVersion = 10.0.40219.1
Project("{9A19103F-16F7-4668-BE54-9A1E7A4F7556}") = "MedAgencyApi", "MedAgencyApi.csproj", "{5AAB6B8B-1088-4721-BF7F-1CEB66AE0B22}"
EndProject
Project("{2150E333-8FDC-42A3-9474-1A3956D46DE8}") = "Solution Items", "Solution Items", "{08BC790B-8BFA-4BC4-B737-740B86EDC712}"
	ProjectSection(SolutionItems) = preProject
		.editorconfig = .editorconfig
	EndProjectSection
EndProject
Project("{9A19103F-16F7-4668-BE54-9A1E7A4F7556}") = "MedicalAgencyServices", "..\MedAgencyServices\MedicalAgencyServices.csproj", "{B2B6A803-0484-4FAF-929E-8D5BC3ADF90B}"
EndProject
Project("{9092AA53-FB77-4645-B42D-1CCCA6BD08BD}") = "MedAgencyClient", "..\MedAgencyClient\MedAgencyClient.njsproj", "{6D51D2DD-B9F4-45A4-BE3F-D0B34E4F8DC6}"
EndProject
Project("{9A19103F-16F7-4668-BE54-9A1E7A4F7556}") = "MedAgencyDataAccess", "..\MedAgencyDataAccess\MedAgencyDataAccess.csproj", "{CD1580DC-2027-4F80-AFE9-30EF07609F6D}"
EndProject
Project("{9A19103F-16F7-4668-BE54-9A1E7A4F7556}") = "ApiIdentityTest", "..\ApiIdentityTest\ApiIdentityTest.csproj", "{69554114-230F-42CB-AEC9-787432824500}"
EndProject
Project("{9A19103F-16F7-4668-BE54-9A1E7A4F7556}") = "ClientTestForIdentity", "..\ClientTestForIdentity\ClientTestForIdentity.csproj", "{8CECE119-0B10-4863-AB04-A38140716082}"
EndProject
Global
	GlobalSection(SolutionConfigurationPlatforms) = preSolution
		Debug|Any CPU = Debug|Any CPU
		Release|Any CPU = Release|Any CPU
	EndGlobalSection
	GlobalSection(ProjectConfigurationPlatforms) = postSolution
		{5AAB6B8B-1088-4721-BF7F-1CEB66AE0B22}.Debug|Any CPU.ActiveCfg = Debug|Any CPU
		{5AAB6B8B-1088-4721-BF7F-1CEB66AE0B22}.Debug|Any CPU.Build.0 = Debug|Any CPU
		{5AAB6B8B-1088-4721-BF7F-1CEB66AE0B22}.Release|Any CPU.ActiveCfg = Release|Any CPU
		{5AAB6B8B-1088-4721-BF7F-1CEB66AE0B22}.Release|Any CPU.Build.0 = Release|Any CPU
		{B2B6A803-0484-4FAF-929E-8D5BC3ADF90B}.Debug|Any CPU.ActiveCfg = Debug|Any CPU
		{B2B6A803-0484-4FAF-929E-8D5BC3ADF90B}.Debug|Any CPU.Build.0 = Debug|Any CPU
		{B2B6A803-0484-4FAF-929E-8D5BC3ADF90B}.Release|Any CPU.ActiveCfg = Release|Any CPU
		{B2B6A803-0484-4FAF-929E-8D5BC3ADF90B}.Release|Any CPU.Build.0 = Release|Any CPU
		{6D51D2DD-B9F4-45A4-BE3F-D0B34E4F8DC6}.Debug|Any CPU.ActiveCfg = Debug|Any CPU
		{6D51D2DD-B9F4-45A4-BE3F-D0B34E4F8DC6}.Debug|Any CPU.Build.0 = Debug|Any CPU
		{6D51D2DD-B9F4-45A4-BE3F-D0B34E4F8DC6}.Release|Any CPU.ActiveCfg = Release|Any CPU
		{6D51D2DD-B9F4-45A4-BE3F-D0B34E4F8DC6}.Release|Any CPU.Build.0 = Release|Any CPU
		{CD1580DC-2027-4F80-AFE9-30EF07609F6D}.Debug|Any CPU.ActiveCfg = Debug|Any CPU
		{CD1580DC-2027-4F80-AFE9-30EF07609F6D}.Debug|Any CPU.Build.0 = Debug|Any CPU
		{CD1580DC-2027-4F80-AFE9-30EF07609F6D}.Release|Any CPU.ActiveCfg = Release|Any CPU
		{CD1580DC-2027-4F80-AFE9-30EF07609F6D}.Release|Any CPU.Build.0 = Release|Any CPU
		{69554114-230F-42CB-AEC9-787432824500}.Debug|Any CPU.ActiveCfg = Debug|Any CPU
		{69554114-230F-42CB-AEC9-787432824500}.Debug|Any CPU.Build.0 = Debug|Any CPU
		{69554114-230F-42CB-AEC9-787432824500}.Release|Any CPU.ActiveCfg = Release|Any CPU
		{69554114-230F-42CB-AEC9-787432824500}.Release|Any CPU.Build.0 = Release|Any CPU
		{8CECE119-0B10-4863-AB04-A38140716082}.Debug|Any CPU.ActiveCfg = Debug|Any CPU
		{8CECE119-0B10-4863-AB04-A38140716082}.Debug|Any CPU.Build.0 = Debug|Any CPU
		{8CECE119-0B10-4863-AB04-A38140716082}.Release|Any CPU.ActiveCfg = Release|Any CPU
		{8CECE119-0B10-4863-AB04-A38140716082}.Release|Any CPU.Build.0 = Release|Any CPU
	EndGlobalSection
	GlobalSection(SolutionProperties) = preSolution
		HideSolutionNode = FALSE
	EndGlobalSection
	GlobalSection(ExtensibilityGlobals) = postSolution
		SolutionGuid = {C67198E4-8A87-4F31-9240-65C56F852763}
	EndGlobalSection
EndGlobal
